
Microsoft Visual Studio Solution File, Format Version 12.00
# Visual Studio 14
VisualStudioVersion = 14.0.23107.0
MinimumVisualStudioVersion = 10.0.40219.1
Project("{FAE04EC0-301F-11D3-BF4B-00C04F79EFBC}") = "StrongLiftsGraph.Web", "StrongLiftsGraph.Web\StrongLiftsGraph.Web.csproj", "{5F984D42-559A-4A33-A827-2C606787A45E}"
EndProject
Project("{FAE04EC0-301F-11D3-BF4B-00C04F79EFBC}") = "StrongLiftsGraph.Tests", "StrongLiftsGraph.Tests\StrongLiftsGraph.Tests.csproj", "{05674B90-9787-4625-AF3C-08EDAC169ADB}"
EndProject
Global
	GlobalSection(SolutionConfigurationPlatforms) = preSolution
		Debug|Any CPU = Debug|Any CPU
		Release|Any CPU = Release|Any CPU
	EndGlobalSection
	GlobalSection(ProjectConfigurationPlatforms) = postSolution
		{5F984D42-559A-4A33-A827-2C606787A45E}.Debug|Any CPU.ActiveCfg = Debug|Any CPU
		{5F984D42-559A-4A33-A827-2C606787A45E}.Debug|Any CPU.Build.0 = Debug|Any CPU
		{5F984D42-559A-4A33-A827-2C606787A45E}.Release|Any CPU.ActiveCfg = Release|Any CPU
		{5F984D42-559A-4A33-A827-2C606787A45E}.Release|Any CPU.Build.0 = Release|Any CPU
		{05674B90-9787-4625-AF3C-08EDAC169ADB}.Debug|Any CPU.ActiveCfg = Debug|Any CPU
		{05674B90-9787-4625-AF3C-08EDAC169ADB}.Debug|Any CPU.Build.0 = Debug|Any CPU
		{05674B90-9787-4625-AF3C-08EDAC169ADB}.Release|Any CPU.ActiveCfg = Release|Any CPU
		{05674B90-9787-4625-AF3C-08EDAC169ADB}.Release|Any CPU.Build.0 = Release|Any CPU
	EndGlobalSection
	GlobalSection(SolutionProperties) = preSolution
		HideSolutionNode = FALSE
	EndGlobalSection
EndGlobal
