
Microsoft Visual Studio Solution File, Format Version 12.00
# Visual Studio 14
VisualStudioVersion = 14.0.23107.0
MinimumVisualStudioVersion = 10.0.40219.1
Project("{FAE04EC0-301F-11D3-BF4B-00C04F79EFBC}") = "StrongLiftsGraph.Web", "StrongLiftsGraph.Web\StrongLiftsGraph.Web.csproj", "{5F984D42-559A-4A33-A827-2C606787A45E}"
EndProject
Project("{FAE04EC0-301F-11D3-BF4B-00C04F79EFBC}") = "StrongLiftsGraph.Tests", "StrongLiftsGraph.Tests\StrongLiftsGraph.Tests.csproj", "{05674B90-9787-4625-AF3C-08EDAC169ADB}"
EndProject
Project("{2150E333-8FDC-42A3-9474-1A3956D46DE8}") = "PublishScripts", "PublishScripts", "{08614F94-7BD0-4C8F-BB91-69C05DCA8DBB}"
	ProjectSection(SolutionItems) = preProject
		PublishScripts\AzureVMPublishModule.psm1 = PublishScripts\AzureVMPublishModule.psm1
		PublishScripts\Publish-WebApplicationVM.ps1 = PublishScripts\Publish-WebApplicationVM.ps1
	EndProjectSection
EndProject
Project("{2150E333-8FDC-42A3-9474-1A3956D46DE8}") = "Configurations", "Configurations", "{9548DF94-55EA-46F0-9FB5-7B0A09AF9D36}"
	ProjectSection(SolutionItems) = preProject
		PublishScripts\Configurations\StrongLiftsGraphWeb-WAWS-dev.json = PublishScripts\Configurations\StrongLiftsGraphWeb-WAWS-dev.json
	EndProjectSection
EndProject
Global
	GlobalSection(SolutionConfigurationPlatforms) = preSolution
		Debug|Any CPU = Debug|Any CPU
		Release|Any CPU = Release|Any CPU
	EndGlobalSection
	GlobalSection(ProjectConfigurationPlatforms) = postSolution
		{5F984D42-559A-4A33-A827-2C606787A45E}.Debug|Any CPU.ActiveCfg = Debug|Any CPU
		{5F984D42-559A-4A33-A827-2C606787A45E}.Debug|Any CPU.Build.0 = Debug|Any CPU
		{5F984D42-559A-4A33-A827-2C606787A45E}.Release|Any CPU.ActiveCfg = Release|Any CPU
		{5F984D42-559A-4A33-A827-2C606787A45E}.Release|Any CPU.Build.0 = Release|Any CPU
		{05674B90-9787-4625-AF3C-08EDAC169ADB}.Debug|Any CPU.ActiveCfg = Debug|Any CPU
		{05674B90-9787-4625-AF3C-08EDAC169ADB}.Debug|Any CPU.Build.0 = Debug|Any CPU
		{05674B90-9787-4625-AF3C-08EDAC169ADB}.Release|Any CPU.ActiveCfg = Release|Any CPU
		{05674B90-9787-4625-AF3C-08EDAC169ADB}.Release|Any CPU.Build.0 = Release|Any CPU
	EndGlobalSection
	GlobalSection(SolutionProperties) = preSolution
		HideSolutionNode = FALSE
	EndGlobalSection
	GlobalSection(NestedProjects) = preSolution
		{9548DF94-55EA-46F0-9FB5-7B0A09AF9D36} = {08614F94-7BD0-4C8F-BB91-69C05DCA8DBB}
	EndGlobalSection
EndGlobal
